
Microsoft Visual Studio Solution File, Format Version 12.00
# Visual Studio Version 16
VisualStudioVersion = 16.0.30517.126
MinimumVisualStudioVersion = 10.0.40219.1
Project("{FAE04EC0-301F-11D3-BF4B-00C04F79EFBC}") = "ProyectoEstacionamientos", "ProyectoEstacionamientos\ProyectoEstacionamientos.csproj", "{3D4FC8F9-25E9-491F-92E0-7E55395F5613}"
EndProject
Global
	GlobalSection(SolutionConfigurationPlatforms) = preSolution
		Debug|Any CPU = Debug|Any CPU
		Release|Any CPU = Release|Any CPU
	EndGlobalSection
	GlobalSection(ProjectConfigurationPlatforms) = postSolution
		{3D4FC8F9-25E9-491F-92E0-7E55395F5613}.Debug|Any CPU.ActiveCfg = Debug|Any CPU
		{3D4FC8F9-25E9-491F-92E0-7E55395F5613}.Debug|Any CPU.Build.0 = Debug|Any CPU
		{3D4FC8F9-25E9-491F-92E0-7E55395F5613}.Release|Any CPU.ActiveCfg = Release|Any CPU
		{3D4FC8F9-25E9-491F-92E0-7E55395F5613}.Release|Any CPU.Build.0 = Release|Any CPU
	EndGlobalSection
	GlobalSection(SolutionProperties) = preSolution
		HideSolutionNode = FALSE
	EndGlobalSection
	GlobalSection(ExtensibilityGlobals) = postSolution
		SolutionGuid = {3DA70798-C60E-4BB5-B775-8026C03E5D26}
	EndGlobalSection
EndGlobal
